
Microsoft Visual Studio Solution File, Format Version 12.00
# Visual Studio Version 17
VisualStudioVersion = 17.0.32014.148
MinimumVisualStudioVersion = 10.0.40219.1
Project("{FAE04EC0-301F-11D3-BF4B-00C04F79EFBC}") = "Route", "Route\Route.csproj", "{3891AE3C-13D8-4BD8-BB40-74CE898A59B6}"
EndProject
Global
	GlobalSection(SolutionConfigurationPlatforms) = preSolution
		Debug|Any CPU = Debug|Any CPU
		Release|Any CPU = Release|Any CPU
	EndGlobalSection
	GlobalSection(ProjectConfigurationPlatforms) = postSolution
		{3891AE3C-13D8-4BD8-BB40-74CE898A59B6}.Debug|Any CPU.ActiveCfg = Debug|Any CPU
		{3891AE3C-13D8-4BD8-BB40-74CE898A59B6}.Debug|Any CPU.Build.0 = Debug|Any CPU
		{3891AE3C-13D8-4BD8-BB40-74CE898A59B6}.Release|Any CPU.ActiveCfg = Release|Any CPU
		{3891AE3C-13D8-4BD8-BB40-74CE898A59B6}.Release|Any CPU.Build.0 = Release|Any CPU
	EndGlobalSection
	GlobalSection(SolutionProperties) = preSolution
		HideSolutionNode = FALSE
	EndGlobalSection
	GlobalSection(ExtensibilityGlobals) = postSolution
		SolutionGuid = {008C4BB6-8080-416B-B4ED-7737335F4A37}
	EndGlobalSection
EndGlobal
