
Microsoft Visual Studio Solution File, Format Version 12.00
# Visual Studio Version 16
VisualStudioVersion = 16.0.31129.286
MinimumVisualStudioVersion = 10.0.40219.1
Project("{FAE04EC0-301F-11D3-BF4B-00C04F79EFBC}") = "ReflectWindowsFormsApp_CJL", "ReflectWindowsFormsApp_CJL\ReflectWindowsFormsApp_CJL.csproj", "{CF91AD55-2F28-421B-BBB8-E752DFA2363D}"
EndProject
Project("{FAE04EC0-301F-11D3-BF4B-00C04F79EFBC}") = "ReflectExtend_CJL", "ReflectExtend_CJL\ReflectExtend_CJL.csproj", "{9B980C38-B425-4544-AA76-F12C845A496A}"
EndProject
Project("{FAE04EC0-301F-11D3-BF4B-00C04F79EFBC}") = "ReflectInterface", "ReflectInterface\ReflectInterface.csproj", "{05152C02-02F5-4E62-9707-6C23D4321462}"
EndProject
Project("{FAE04EC0-301F-11D3-BF4B-00C04F79EFBC}") = "ReplacAllWindowsFormsApp", "ReplacAllWindowsFormsApp\ReplacAllWindowsFormsApp.csproj", "{929C4252-5D79-49A1-B0C6-2C234BE8698F}"
EndProject
Project("{FAE04EC0-301F-11D3-BF4B-00C04F79EFBC}") = "ReflectExtendCommon_CJL", "ReflectExtendCommon_CJL\ReflectExtendCommon_CJL.csproj", "{571501A3-65F8-429E-9272-1F828EAE345B}"
EndProject
Global
	GlobalSection(SolutionConfigurationPlatforms) = preSolution
		Debug|Any CPU = Debug|Any CPU
		Release|Any CPU = Release|Any CPU
	EndGlobalSection
	GlobalSection(ProjectConfigurationPlatforms) = postSolution
		{CF91AD55-2F28-421B-BBB8-E752DFA2363D}.Debug|Any CPU.ActiveCfg = Debug|Any CPU
		{CF91AD55-2F28-421B-BBB8-E752DFA2363D}.Debug|Any CPU.Build.0 = Debug|Any CPU
		{CF91AD55-2F28-421B-BBB8-E752DFA2363D}.Release|Any CPU.ActiveCfg = Release|Any CPU
		{CF91AD55-2F28-421B-BBB8-E752DFA2363D}.Release|Any CPU.Build.0 = Release|Any CPU
		{9B980C38-B425-4544-AA76-F12C845A496A}.Debug|Any CPU.ActiveCfg = Debug|Any CPU
		{9B980C38-B425-4544-AA76-F12C845A496A}.Debug|Any CPU.Build.0 = Debug|Any CPU
		{9B980C38-B425-4544-AA76-F12C845A496A}.Release|Any CPU.ActiveCfg = Release|Any CPU
		{9B980C38-B425-4544-AA76-F12C845A496A}.Release|Any CPU.Build.0 = Release|Any CPU
		{05152C02-02F5-4E62-9707-6C23D4321462}.Debug|Any CPU.ActiveCfg = Debug|Any CPU
		{05152C02-02F5-4E62-9707-6C23D4321462}.Debug|Any CPU.Build.0 = Debug|Any CPU
		{05152C02-02F5-4E62-9707-6C23D4321462}.Release|Any CPU.ActiveCfg = Release|Any CPU
		{05152C02-02F5-4E62-9707-6C23D4321462}.Release|Any CPU.Build.0 = Release|Any CPU
		{929C4252-5D79-49A1-B0C6-2C234BE8698F}.Debug|Any CPU.ActiveCfg = Debug|Any CPU
		{929C4252-5D79-49A1-B0C6-2C234BE8698F}.Debug|Any CPU.Build.0 = Debug|Any CPU
		{929C4252-5D79-49A1-B0C6-2C234BE8698F}.Release|Any CPU.ActiveCfg = Release|Any CPU
		{929C4252-5D79-49A1-B0C6-2C234BE8698F}.Release|Any CPU.Build.0 = Release|Any CPU
		{571501A3-65F8-429E-9272-1F828EAE345B}.Debug|Any CPU.ActiveCfg = Debug|Any CPU
		{571501A3-65F8-429E-9272-1F828EAE345B}.Debug|Any CPU.Build.0 = Debug|Any CPU
		{571501A3-65F8-429E-9272-1F828EAE345B}.Release|Any CPU.ActiveCfg = Release|Any CPU
		{571501A3-65F8-429E-9272-1F828EAE345B}.Release|Any CPU.Build.0 = Release|Any CPU
	EndGlobalSection
	GlobalSection(SolutionProperties) = preSolution
		HideSolutionNode = FALSE
	EndGlobalSection
	GlobalSection(ExtensibilityGlobals) = postSolution
		SolutionGuid = {AA665C03-847B-486E-BCEF-8FB34AF2815D}
	EndGlobalSection
EndGlobal
