
Microsoft Visual Studio Solution File, Format Version 12.00
# Visual Studio Version 16
VisualStudioVersion = 16.0.31129.286
MinimumVisualStudioVersion = 10.0.40219.1
Project("{FAE04EC0-301F-11D3-BF4B-00C04F79EFBC}") = "Host_CJL", "Host_CJL\Host_CJL.csproj", "{4FE08BB2-13BB-44D8-B919-B9487491600F}"
EndProject
Global
	GlobalSection(SolutionConfigurationPlatforms) = preSolution
		Debug|Any CPU = Debug|Any CPU
		Release|Any CPU = Release|Any CPU
	EndGlobalSection
	GlobalSection(ProjectConfigurationPlatforms) = postSolution
		{4FE08BB2-13BB-44D8-B919-B9487491600F}.Debug|Any CPU.ActiveCfg = Debug|Any CPU
		{4FE08BB2-13BB-44D8-B919-B9487491600F}.Debug|Any CPU.Build.0 = Debug|Any CPU
		{4FE08BB2-13BB-44D8-B919-B9487491600F}.Release|Any CPU.ActiveCfg = Release|Any CPU
		{4FE08BB2-13BB-44D8-B919-B9487491600F}.Release|Any CPU.Build.0 = Release|Any CPU
	EndGlobalSection
	GlobalSection(SolutionProperties) = preSolution
		HideSolutionNode = FALSE
	EndGlobalSection
	GlobalSection(ExtensibilityGlobals) = postSolution
		SolutionGuid = {99CE0976-43EA-49B8-AF9D-0548BE87C536}
	EndGlobalSection
EndGlobal
