
Microsoft Visual Studio Solution File, Format Version 12.00
# Visual Studio Version 16
VisualStudioVersion = 16.0.31129.286
MinimumVisualStudioVersion = 10.0.40219.1
Project("{FAE04EC0-301F-11D3-BF4B-00C04F79EFBC}") = "Http_CJL", "Http_CJL\Http_CJL.csproj", "{B90E5690-BCF8-4288-AFA2-7B92C0C750D9}"
EndProject
Global
	GlobalSection(SolutionConfigurationPlatforms) = preSolution
		Debug|Any CPU = Debug|Any CPU
		Release|Any CPU = Release|Any CPU
	EndGlobalSection
	GlobalSection(ProjectConfigurationPlatforms) = postSolution
		{B90E5690-BCF8-4288-AFA2-7B92C0C750D9}.Debug|Any CPU.ActiveCfg = Debug|Any CPU
		{B90E5690-BCF8-4288-AFA2-7B92C0C750D9}.Debug|Any CPU.Build.0 = Debug|Any CPU
		{B90E5690-BCF8-4288-AFA2-7B92C0C750D9}.Release|Any CPU.ActiveCfg = Release|Any CPU
		{B90E5690-BCF8-4288-AFA2-7B92C0C750D9}.Release|Any CPU.Build.0 = Release|Any CPU
	EndGlobalSection
	GlobalSection(SolutionProperties) = preSolution
		HideSolutionNode = FALSE
	EndGlobalSection
	GlobalSection(ExtensibilityGlobals) = postSolution
		SolutionGuid = {CF8CED69-BDC7-4184-91BE-CF2783F84E8F}
	EndGlobalSection
EndGlobal
