
Microsoft Visual Studio Solution File, Format Version 12.00
# Visual Studio Version 16
VisualStudioVersion = 16.0.31129.286
MinimumVisualStudioVersion = 10.0.40219.1
Project("{FAE04EC0-301F-11D3-BF4B-00C04F79EFBC}") = "FactoryMethod_CJL", "FactoryMethod_CJL\FactoryMethod_CJL.csproj", "{46B74DE3-E15B-4716-95D4-689B39CE90E5}"
EndProject
Global
	GlobalSection(SolutionConfigurationPlatforms) = preSolution
		Debug|Any CPU = Debug|Any CPU
		Release|Any CPU = Release|Any CPU
	EndGlobalSection
	GlobalSection(ProjectConfigurationPlatforms) = postSolution
		{46B74DE3-E15B-4716-95D4-689B39CE90E5}.Debug|Any CPU.ActiveCfg = Debug|Any CPU
		{46B74DE3-E15B-4716-95D4-689B39CE90E5}.Debug|Any CPU.Build.0 = Debug|Any CPU
		{46B74DE3-E15B-4716-95D4-689B39CE90E5}.Release|Any CPU.ActiveCfg = Release|Any CPU
		{46B74DE3-E15B-4716-95D4-689B39CE90E5}.Release|Any CPU.Build.0 = Release|Any CPU
	EndGlobalSection
	GlobalSection(SolutionProperties) = preSolution
		HideSolutionNode = FALSE
	EndGlobalSection
	GlobalSection(ExtensibilityGlobals) = postSolution
		SolutionGuid = {3E538BE9-486D-435F-B015-BC9C44AEE2D4}
	EndGlobalSection
EndGlobal
