
Microsoft Visual Studio Solution File, Format Version 12.00
# Visual Studio Version 16
VisualStudioVersion = 16.0.31129.286
MinimumVisualStudioVersion = 10.0.40219.1
Project("{FAE04EC0-301F-11D3-BF4B-00C04F79EFBC}") = "Routing_CJL", "Routing_CJL\Routing_CJL.csproj", "{99C0D87F-1F91-4511-BE7D-84302199C6EF}"
EndProject
Global
	GlobalSection(SolutionConfigurationPlatforms) = preSolution
		Debug|Any CPU = Debug|Any CPU
		Release|Any CPU = Release|Any CPU
	EndGlobalSection
	GlobalSection(ProjectConfigurationPlatforms) = postSolution
		{99C0D87F-1F91-4511-BE7D-84302199C6EF}.Debug|Any CPU.ActiveCfg = Debug|Any CPU
		{99C0D87F-1F91-4511-BE7D-84302199C6EF}.Debug|Any CPU.Build.0 = Debug|Any CPU
		{99C0D87F-1F91-4511-BE7D-84302199C6EF}.Release|Any CPU.ActiveCfg = Release|Any CPU
		{99C0D87F-1F91-4511-BE7D-84302199C6EF}.Release|Any CPU.Build.0 = Release|Any CPU
	EndGlobalSection
	GlobalSection(SolutionProperties) = preSolution
		HideSolutionNode = FALSE
	EndGlobalSection
	GlobalSection(ExtensibilityGlobals) = postSolution
		SolutionGuid = {5F98D5E3-7167-4A80-9E07-BDC95F4A29FA}
	EndGlobalSection
EndGlobal
