
Microsoft Visual Studio Solution File, Format Version 12.00
# Visual Studio Version 16
VisualStudioVersion = 16.0.31321.278
MinimumVisualStudioVersion = 10.0.40219.1
Project("{FAE04EC0-301F-11D3-BF4B-00C04F79EFBC}") = "FacadePattern_CJL", "FacadePattern_CJL\FacadePattern_CJL.csproj", "{2D058C7D-419C-457E-8007-C22B7FD6CBA8}"
EndProject
Global
	GlobalSection(SolutionConfigurationPlatforms) = preSolution
		Debug|Any CPU = Debug|Any CPU
		Release|Any CPU = Release|Any CPU
	EndGlobalSection
	GlobalSection(ProjectConfigurationPlatforms) = postSolution
		{2D058C7D-419C-457E-8007-C22B7FD6CBA8}.Debug|Any CPU.ActiveCfg = Debug|Any CPU
		{2D058C7D-419C-457E-8007-C22B7FD6CBA8}.Debug|Any CPU.Build.0 = Debug|Any CPU
		{2D058C7D-419C-457E-8007-C22B7FD6CBA8}.Release|Any CPU.ActiveCfg = Release|Any CPU
		{2D058C7D-419C-457E-8007-C22B7FD6CBA8}.Release|Any CPU.Build.0 = Release|Any CPU
	EndGlobalSection
	GlobalSection(SolutionProperties) = preSolution
		HideSolutionNode = FALSE
	EndGlobalSection
	GlobalSection(ExtensibilityGlobals) = postSolution
		SolutionGuid = {CE71D556-16A0-48B7-99C3-0B8580114054}
	EndGlobalSection
EndGlobal
