
Microsoft Visual Studio Solution File, Format Version 12.00
# Visual Studio Version 17
VisualStudioVersion = 17.0.32014.148
MinimumVisualStudioVersion = 10.0.40219.1
Project("{FAE04EC0-301F-11D3-BF4B-00C04F79EFBC}") = "Authorization", "Authorization\Authorization.csproj", "{7331B22A-5EA1-4BCE-B495-2FC5074509A2}"
EndProject
Global
	GlobalSection(SolutionConfigurationPlatforms) = preSolution
		Debug|Any CPU = Debug|Any CPU
		Release|Any CPU = Release|Any CPU
	EndGlobalSection
	GlobalSection(ProjectConfigurationPlatforms) = postSolution
		{7331B22A-5EA1-4BCE-B495-2FC5074509A2}.Debug|Any CPU.ActiveCfg = Debug|Any CPU
		{7331B22A-5EA1-4BCE-B495-2FC5074509A2}.Debug|Any CPU.Build.0 = Debug|Any CPU
		{7331B22A-5EA1-4BCE-B495-2FC5074509A2}.Release|Any CPU.ActiveCfg = Release|Any CPU
		{7331B22A-5EA1-4BCE-B495-2FC5074509A2}.Release|Any CPU.Build.0 = Release|Any CPU
	EndGlobalSection
	GlobalSection(SolutionProperties) = preSolution
		HideSolutionNode = FALSE
	EndGlobalSection
	GlobalSection(ExtensibilityGlobals) = postSolution
		SolutionGuid = {3BE0034E-8E1A-40CC-B8AD-0FFD64639916}
	EndGlobalSection
EndGlobal
