
Microsoft Visual Studio Solution File, Format Version 12.00
# Visual Studio Version 16
VisualStudioVersion = 16.0.31129.286
MinimumVisualStudioVersion = 10.0.40219.1
Project("{FAE04EC0-301F-11D3-BF4B-00C04F79EFBC}") = "商场管理软件", "商场管理软件\商场管理软件.csproj", "{46E50AC9-D60B-4542-AD89-FB2C18988B28}"
EndProject
Global
	GlobalSection(SolutionConfigurationPlatforms) = preSolution
		Debug|Any CPU = Debug|Any CPU
		Release|Any CPU = Release|Any CPU
	EndGlobalSection
	GlobalSection(ProjectConfigurationPlatforms) = postSolution
		{46E50AC9-D60B-4542-AD89-FB2C18988B28}.Debug|Any CPU.ActiveCfg = Debug|Any CPU
		{46E50AC9-D60B-4542-AD89-FB2C18988B28}.Debug|Any CPU.Build.0 = Debug|Any CPU
		{46E50AC9-D60B-4542-AD89-FB2C18988B28}.Release|Any CPU.ActiveCfg = Release|Any CPU
		{46E50AC9-D60B-4542-AD89-FB2C18988B28}.Release|Any CPU.Build.0 = Release|Any CPU
	EndGlobalSection
	GlobalSection(SolutionProperties) = preSolution
		HideSolutionNode = FALSE
	EndGlobalSection
	GlobalSection(ExtensibilityGlobals) = postSolution
		SolutionGuid = {CECA0198-AD5E-4590-869C-2245E17A9ABD}
	EndGlobalSection
EndGlobal
