
Microsoft Visual Studio Solution File, Format Version 12.00
# Visual Studio Version 17
VisualStudioVersion = 17.0.32014.148
MinimumVisualStudioVersion = 10.0.40219.1
Project("{9A19103F-16F7-4668-BE54-9A1E7A4F7556}") = "获取进程的cpu和内存", "Examples_CJL\获取进程的cpu和内存.csproj", "{A496074B-DA74-4054-A970-B35496B10248}"
EndProject
Project("{FAE04EC0-301F-11D3-BF4B-00C04F79EFBC}") = "kafka测试", "kafka测试\kafka测试.csproj", "{D4378938-F888-42B6-AEE6-88AE95F19FE1}"
EndProject
Global
	GlobalSection(SolutionConfigurationPlatforms) = preSolution
		Debug|Any CPU = Debug|Any CPU
		Release|Any CPU = Release|Any CPU
	EndGlobalSection
	GlobalSection(ProjectConfigurationPlatforms) = postSolution
		{A496074B-DA74-4054-A970-B35496B10248}.Debug|Any CPU.ActiveCfg = Debug|Any CPU
		{A496074B-DA74-4054-A970-B35496B10248}.Debug|Any CPU.Build.0 = Debug|Any CPU
		{A496074B-DA74-4054-A970-B35496B10248}.Release|Any CPU.ActiveCfg = Release|Any CPU
		{A496074B-DA74-4054-A970-B35496B10248}.Release|Any CPU.Build.0 = Release|Any CPU
		{D4378938-F888-42B6-AEE6-88AE95F19FE1}.Debug|Any CPU.ActiveCfg = Debug|Any CPU
		{D4378938-F888-42B6-AEE6-88AE95F19FE1}.Debug|Any CPU.Build.0 = Debug|Any CPU
		{D4378938-F888-42B6-AEE6-88AE95F19FE1}.Release|Any CPU.ActiveCfg = Release|Any CPU
		{D4378938-F888-42B6-AEE6-88AE95F19FE1}.Release|Any CPU.Build.0 = Release|Any CPU
	EndGlobalSection
	GlobalSection(SolutionProperties) = preSolution
		HideSolutionNode = FALSE
	EndGlobalSection
	GlobalSection(ExtensibilityGlobals) = postSolution
		SolutionGuid = {E8234725-DB7C-4C3D-B949-52C511FCC2C9}
	EndGlobalSection
EndGlobal
