
Microsoft Visual Studio Solution File, Format Version 12.00
# Visual Studio Version 17
VisualStudioVersion = 17.0.32014.148
MinimumVisualStudioVersion = 10.0.40219.1
Project("{FAE04EC0-301F-11D3-BF4B-00C04F79EFBC}") = "EF Core", "EF Core\EF Core.csproj", "{B89B65AF-CB7C-4E4F-87B5-B99FF3369AD2}"
EndProject
Global
	GlobalSection(SolutionConfigurationPlatforms) = preSolution
		Debug|Any CPU = Debug|Any CPU
		Release|Any CPU = Release|Any CPU
	EndGlobalSection
	GlobalSection(ProjectConfigurationPlatforms) = postSolution
		{B89B65AF-CB7C-4E4F-87B5-B99FF3369AD2}.Debug|Any CPU.ActiveCfg = Debug|Any CPU
		{B89B65AF-CB7C-4E4F-87B5-B99FF3369AD2}.Debug|Any CPU.Build.0 = Debug|Any CPU
		{B89B65AF-CB7C-4E4F-87B5-B99FF3369AD2}.Release|Any CPU.ActiveCfg = Release|Any CPU
		{B89B65AF-CB7C-4E4F-87B5-B99FF3369AD2}.Release|Any CPU.Build.0 = Release|Any CPU
	EndGlobalSection
	GlobalSection(SolutionProperties) = preSolution
		HideSolutionNode = FALSE
	EndGlobalSection
	GlobalSection(ExtensibilityGlobals) = postSolution
		SolutionGuid = {614E2051-902B-4DD5-91D4-79E8E9637570}
	EndGlobalSection
EndGlobal
