
Microsoft Visual Studio Solution File, Format Version 12.00
# Visual Studio Version 16
VisualStudioVersion = 16.0.31727.386
MinimumVisualStudioVersion = 10.0.40219.1
Project("{FAE04EC0-301F-11D3-BF4B-00C04F79EFBC}") = "Swagger_CJL", "Swagger_CJL\Swagger_CJL.csproj", "{223E3857-BF77-4B89-B44A-8A87F3216035}"
EndProject
Global
	GlobalSection(SolutionConfigurationPlatforms) = preSolution
		Debug|Any CPU = Debug|Any CPU
		Release|Any CPU = Release|Any CPU
	EndGlobalSection
	GlobalSection(ProjectConfigurationPlatforms) = postSolution
		{223E3857-BF77-4B89-B44A-8A87F3216035}.Debug|Any CPU.ActiveCfg = Debug|Any CPU
		{223E3857-BF77-4B89-B44A-8A87F3216035}.Debug|Any CPU.Build.0 = Debug|Any CPU
		{223E3857-BF77-4B89-B44A-8A87F3216035}.Release|Any CPU.ActiveCfg = Release|Any CPU
		{223E3857-BF77-4B89-B44A-8A87F3216035}.Release|Any CPU.Build.0 = Release|Any CPU
	EndGlobalSection
	GlobalSection(SolutionProperties) = preSolution
		HideSolutionNode = FALSE
	EndGlobalSection
	GlobalSection(ExtensibilityGlobals) = postSolution
		SolutionGuid = {35BCF9DB-0C42-4CF9-BFB1-AF7F5CA97F33}
	EndGlobalSection
EndGlobal
